
Microsoft Visual Studio Solution File, Format Version 12.00
# Visual Studio Version 17
VisualStudioVersion = 17.13.35818.85
MinimumVisualStudioVersion = 10.0.40219.1
Project("{FAE04EC0-301F-11D3-BF4B-00C04F79EFBC}") = "TqkLibrary.Streams", "TqkLibrary.Streams\TqkLibrary.Streams.csproj", "{D7B76225-9FDE-4265-84A9-4D640173BAA6}"
EndProject
Project("{FAE04EC0-301F-11D3-BF4B-00C04F79EFBC}") = "TestStreams", "TestStreams\TestStreams.csproj", "{ADD6BF3A-5FC9-4D86-8B7A-41F07D73A526}"
EndProject
Global
	GlobalSection(SolutionConfigurationPlatforms) = preSolution
		Debug|Any CPU = Debug|Any CPU
		Release|Any CPU = Release|Any CPU
	EndGlobalSection
	GlobalSection(ProjectConfigurationPlatforms) = postSolution
		{D7B76225-9FDE-4265-84A9-4D640173BAA6}.Debug|Any CPU.ActiveCfg = Debug|Any CPU
		{D7B76225-9FDE-4265-84A9-4D640173BAA6}.Debug|Any CPU.Build.0 = Debug|Any CPU
		{D7B76225-9FDE-4265-84A9-4D640173BAA6}.Release|Any CPU.ActiveCfg = Release|Any CPU
		{D7B76225-9FDE-4265-84A9-4D640173BAA6}.Release|Any CPU.Build.0 = Release|Any CPU
		{ADD6BF3A-5FC9-4D86-8B7A-41F07D73A526}.Debug|Any CPU.ActiveCfg = Debug|Any CPU
		{ADD6BF3A-5FC9-4D86-8B7A-41F07D73A526}.Debug|Any CPU.Build.0 = Debug|Any CPU
		{ADD6BF3A-5FC9-4D86-8B7A-41F07D73A526}.Release|Any CPU.ActiveCfg = Release|Any CPU
		{ADD6BF3A-5FC9-4D86-8B7A-41F07D73A526}.Release|Any CPU.Build.0 = Release|Any CPU
	EndGlobalSection
	GlobalSection(SolutionProperties) = preSolution
		HideSolutionNode = FALSE
	EndGlobalSection
	GlobalSection(ExtensibilityGlobals) = postSolution
		SolutionGuid = {F3A88FFA-EF4E-43FA-AE08-B0D030F38FE6}
	EndGlobalSection
EndGlobal
